
Microsoft Visual Studio Solution File, Format Version 12.00
# Visual Studio Version 17
VisualStudioVersion = 17.14.36414.22 d17.14
MinimumVisualStudioVersion = 10.0.40219.1
Project("{FAE04EC0-301F-11D3-BF4B-00C04F79EFBC}") = "ProyectoModelo", "ProyectoModelo\ProyectoModelo.csproj", "{60675FF6-EAE0-4DEC-9661-3425E08F2C5E}"
EndProject
Project("{FAE04EC0-301F-11D3-BF4B-00C04F79EFBC}") = "ProyectoData", "ProyectoData\ProyectoData.csproj", "{86E6488E-D144-445F-A8A1-658305C3D0FD}"
EndProject
Project("{FAE04EC0-301F-11D3-BF4B-00C04F79EFBC}") = "ProyectoWebAPI", "ProyectoWebAPI\ProyectoWebAPI.csproj", "{694EF3EE-BA37-4585-BF0E-507210EDA7B1}"
EndProject
Global
	GlobalSection(SolutionConfigurationPlatforms) = preSolution
		Debug|Any CPU = Debug|Any CPU
		Release|Any CPU = Release|Any CPU
	EndGlobalSection
	GlobalSection(ProjectConfigurationPlatforms) = postSolution
		{60675FF6-EAE0-4DEC-9661-3425E08F2C5E}.Debug|Any CPU.ActiveCfg = Debug|Any CPU
		{60675FF6-EAE0-4DEC-9661-3425E08F2C5E}.Debug|Any CPU.Build.0 = Debug|Any CPU
		{60675FF6-EAE0-4DEC-9661-3425E08F2C5E}.Release|Any CPU.ActiveCfg = Release|Any CPU
		{60675FF6-EAE0-4DEC-9661-3425E08F2C5E}.Release|Any CPU.Build.0 = Release|Any CPU
		{86E6488E-D144-445F-A8A1-658305C3D0FD}.Debug|Any CPU.ActiveCfg = Debug|Any CPU
		{86E6488E-D144-445F-A8A1-658305C3D0FD}.Debug|Any CPU.Build.0 = Debug|Any CPU
		{86E6488E-D144-445F-A8A1-658305C3D0FD}.Release|Any CPU.ActiveCfg = Release|Any CPU
		{86E6488E-D144-445F-A8A1-658305C3D0FD}.Release|Any CPU.Build.0 = Release|Any CPU
		{694EF3EE-BA37-4585-BF0E-507210EDA7B1}.Debug|Any CPU.ActiveCfg = Debug|Any CPU
		{694EF3EE-BA37-4585-BF0E-507210EDA7B1}.Debug|Any CPU.Build.0 = Debug|Any CPU
		{694EF3EE-BA37-4585-BF0E-507210EDA7B1}.Release|Any CPU.ActiveCfg = Release|Any CPU
		{694EF3EE-BA37-4585-BF0E-507210EDA7B1}.Release|Any CPU.Build.0 = Release|Any CPU
	EndGlobalSection
	GlobalSection(SolutionProperties) = preSolution
		HideSolutionNode = FALSE
	EndGlobalSection
	GlobalSection(ExtensibilityGlobals) = postSolution
		SolutionGuid = {3EED16F2-81D2-4AAD-B877-B77761B6D2B0}
	EndGlobalSection
EndGlobal
